{
  "name": "aya-algorithm-challenge",
  "version": "1.0.0",
  "lockfileVersion": 2,
  "requires": true,
  "packages": {
    "": {
      "name": "aya-algorithm-challenge",
      "version": "1.0.0",
      "license": "ISC",
      "dependencies": {
        "surprise": "^0.0.4"
      }
    },
    "node_modules/surprise": {
      "version": "0.0.4",
      "resolved": "https://registry.npmjs.org/surprise/-/surprise-0.0.4.tgz",
      "integrity": "sha512-nVo+HHlbleuAmcfAP0gOxLyvhX+Izk2ZoIWbupavpzj9GXOWjA7uKzzkmZ1r28KTa0JRvbBHeZQamMEKXep1Og=="
    }
  },
  "dependencies": {
    "surprise": {
      "version": "0.0.4",
      "resolved": "https://registry.npmjs.org/surprise/-/surprise-0.0.4.tgz",
      "integrity": "sha512-nVo+HHlbleuAmcfAP0gOxLyvhX+Izk2ZoIWbupavpzj9GXOWjA7uKzzkmZ1r28KTa0JRvbBHeZQamMEKXep1Og=="
    }
  }
}
